
Microsoft Visual Studio Solution File, Format Version 12.00
# Visual Studio 15
VisualStudioVersion = 15.0.27428.2015
MinimumVisualStudioVersion = 10.0.40219.1
Project("{FAE04EC0-301F-11D3-BF4B-00C04F79EFBC}") = "FeedbackService", "FeedbackService\FeedbackService.csproj", "{AF04AD4A-D99A-4427-BD60-273C19921E84}"
EndProject
Global
	GlobalSection(SolutionConfigurationPlatforms) = preSolution
		Debug|Any CPU = Debug|Any CPU
		Release|Any CPU = Release|Any CPU
	EndGlobalSection
	GlobalSection(ProjectConfigurationPlatforms) = postSolution
		{AF04AD4A-D99A-4427-BD60-273C19921E84}.Debug|Any CPU.ActiveCfg = Debug|Any CPU
		{AF04AD4A-D99A-4427-BD60-273C19921E84}.Debug|Any CPU.Build.0 = Debug|Any CPU
		{AF04AD4A-D99A-4427-BD60-273C19921E84}.Release|Any CPU.ActiveCfg = Release|Any CPU
		{AF04AD4A-D99A-4427-BD60-273C19921E84}.Release|Any CPU.Build.0 = Release|Any CPU
	EndGlobalSection
	GlobalSection(SolutionProperties) = preSolution
		HideSolutionNode = FALSE
	EndGlobalSection
	GlobalSection(ExtensibilityGlobals) = postSolution
		SolutionGuid = {E79CDAD7-C9A3-42F3-B952-AE80C61897EC}
	EndGlobalSection
EndGlobal
